
Microsoft Visual Studio Solution File, Format Version 12.00
# Visual Studio Version 16
VisualStudioVersion = 16.0.30804.86
MinimumVisualStudioVersion = 10.0.40219.1
Project("{FAE04EC0-301F-11D3-BF4B-00C04F79EFBC}") = "Wasm", "Wasm\Wasm.csproj", "{F9B3369D-8259-459F-BFC5-1163E8FA36DB}"
EndProject
Global
	GlobalSection(SolutionConfigurationPlatforms) = preSolution
		Debug|Any CPU = Debug|Any CPU
		Release|Any CPU = Release|Any CPU
	EndGlobalSection
	GlobalSection(ProjectConfigurationPlatforms) = postSolution
		{F9B3369D-8259-459F-BFC5-1163E8FA36DB}.Debug|Any CPU.ActiveCfg = Debug|Any CPU
		{F9B3369D-8259-459F-BFC5-1163E8FA36DB}.Debug|Any CPU.Build.0 = Debug|Any CPU
		{F9B3369D-8259-459F-BFC5-1163E8FA36DB}.Release|Any CPU.ActiveCfg = Release|Any CPU
		{F9B3369D-8259-459F-BFC5-1163E8FA36DB}.Release|Any CPU.Build.0 = Release|Any CPU
	EndGlobalSection
	GlobalSection(SolutionProperties) = preSolution
		HideSolutionNode = FALSE
	EndGlobalSection
	GlobalSection(ExtensibilityGlobals) = postSolution
		SolutionGuid = {5ED64BBA-92E4-4E0A-8042-EF26D33D3841}
	EndGlobalSection
EndGlobal
